
Microsoft Visual Studio Solution File, Format Version 12.00
# Visual Studio Version 17
VisualStudioVersion = 17.14.37012.4 d17.14
MinimumVisualStudioVersion = 10.0.40219.1
Project("{8BC9CEB8-8B4A-11D0-8D11-00A0C91BC942}") = "Zadanie_1-2", "Zadanie_1-2.vcxproj", "{8B8C2668-8806-4E9A-8D1A-468E342323AC}"
EndProject
Global
	GlobalSection(SolutionConfigurationPlatforms) = preSolution
		Debug|x64 = Debug|x64
		Debug|x86 = Debug|x86
		Release|x64 = Release|x64
		Release|x86 = Release|x86
	EndGlobalSection
	GlobalSection(ProjectConfigurationPlatforms) = postSolution
		{8B8C2668-8806-4E9A-8D1A-468E342323AC}.Debug|x64.ActiveCfg = Debug|x64
		{8B8C2668-8806-4E9A-8D1A-468E342323AC}.Debug|x64.Build.0 = Debug|x64
		{8B8C2668-8806-4E9A-8D1A-468E342323AC}.Debug|x86.ActiveCfg = Debug|Win32
		{8B8C2668-8806-4E9A-8D1A-468E342323AC}.Debug|x86.Build.0 = Debug|Win32
		{8B8C2668-8806-4E9A-8D1A-468E342323AC}.Release|x64.ActiveCfg = Release|x64
		{8B8C2668-8806-4E9A-8D1A-468E342323AC}.Release|x64.Build.0 = Release|x64
		{8B8C2668-8806-4E9A-8D1A-468E342323AC}.Release|x86.ActiveCfg = Release|Win32
		{8B8C2668-8806-4E9A-8D1A-468E342323AC}.Release|x86.Build.0 = Release|Win32
	EndGlobalSection
	GlobalSection(SolutionProperties) = preSolution
		HideSolutionNode = FALSE
	EndGlobalSection
	GlobalSection(ExtensibilityGlobals) = postSolution
		SolutionGuid = {CCFA2D6B-2D8A-4EF6-B7D6-E7A5BC3A4880}
	EndGlobalSection
EndGlobal
