
Microsoft Visual Studio Solution File, Format Version 12.00
# Visual Studio Version 17
VisualStudioVersion = 17.14.37012.4 d17.14
MinimumVisualStudioVersion = 10.0.40219.1
Project("{8BC9CEB8-8B4A-11D0-8D11-00A0C91BC942}") = "Zadanie 2-2", "Zadanie 2-2.vcxproj", "{B5DDFDB1-0CA1-45E3-94E8-723084286C1D}"
EndProject
Global
	GlobalSection(SolutionConfigurationPlatforms) = preSolution
		Debug|x64 = Debug|x64
		Debug|x86 = Debug|x86
		Release|x64 = Release|x64
		Release|x86 = Release|x86
	EndGlobalSection
	GlobalSection(ProjectConfigurationPlatforms) = postSolution
		{B5DDFDB1-0CA1-45E3-94E8-723084286C1D}.Debug|x64.ActiveCfg = Debug|x64
		{B5DDFDB1-0CA1-45E3-94E8-723084286C1D}.Debug|x64.Build.0 = Debug|x64
		{B5DDFDB1-0CA1-45E3-94E8-723084286C1D}.Debug|x86.ActiveCfg = Debug|Win32
		{B5DDFDB1-0CA1-45E3-94E8-723084286C1D}.Debug|x86.Build.0 = Debug|Win32
		{B5DDFDB1-0CA1-45E3-94E8-723084286C1D}.Release|x64.ActiveCfg = Release|x64
		{B5DDFDB1-0CA1-45E3-94E8-723084286C1D}.Release|x64.Build.0 = Release|x64
		{B5DDFDB1-0CA1-45E3-94E8-723084286C1D}.Release|x86.ActiveCfg = Release|Win32
		{B5DDFDB1-0CA1-45E3-94E8-723084286C1D}.Release|x86.Build.0 = Release|Win32
	EndGlobalSection
	GlobalSection(SolutionProperties) = preSolution
		HideSolutionNode = FALSE
	EndGlobalSection
	GlobalSection(ExtensibilityGlobals) = postSolution
		SolutionGuid = {23EAD48C-D82B-454B-9C6D-B9D3EF86A93F}
	EndGlobalSection
EndGlobal
